{
  "projects": [
    {
      "projectId": "w9z9xr91BzfJBdGd9K1NM4",
      "version": "latest",
      "dependencies": {},
      "lang": "ts",
      "fileLocks": [
        {
          "type": "globalVariant",
          "assetId": "6KPrwB1vc_",
          "checksum": "f1d0eb057f10a8739d4e1c9dc4d6650b"
        },
        {
          "type": "renderModule",
          "assetId": "ur16OaAaQB",
          "checksum": "4d8a8e2a61f0fa14a7380af3c8c174de"
        },
        {
          "type": "cssRules",
          "assetId": "ur16OaAaQB",
          "checksum": "4d8a8e2a61f0fa14a7380af3c8c174de"
        },
        {
          "type": "image",
          "assetId": "lxzuuNI-cf",
          "checksum": "e57280d866d36c468ff243a6db93faa5"
        },
        {
          "type": "renderModule",
          "assetId": "xidBG5GAId",
          "checksum": "c398bfa1af1fea6d171b6a3491b5166a"
        },
        {
          "type": "cssRules",
          "assetId": "xidBG5GAId",
          "checksum": "c398bfa1af1fea6d171b6a3491b5166a"
        },
        {
          "type": "renderModule",
          "assetId": "ObvQXRNt7V",
          "checksum": "e61ee976fb59ff16a50dc8a360dc609e"
        },
        {
          "type": "cssRules",
          "assetId": "ObvQXRNt7V",
          "checksum": "e61ee976fb59ff16a50dc8a360dc609e"
        },
        {
          "assetId": "w9z9xr91BzfJBdGd9K1NM4",
          "type": "projectCss",
          "checksum": "78b28c7819f09e1fefda33c33e44d8f9"
        },
        {
          "type": "icon",
          "assetId": "o2LFLcguMd",
          "checksum": "fcd77300552bf99d3c9ff43fd1e7b6e1"
        },
        {
          "type": "image",
          "assetId": "20omY6YNUp",
          "checksum": "2bbdca8aad2b610d545591f700cc2621"
        },
        {
          "type": "image",
          "assetId": "xRxGn90SLM",
          "checksum": "fd098f6dac8f221dc624306dd3032cf1"
        }
      ]
    }
  ],
  "cliVersion": "0.1.161"
}
