{
  "projects": [
    {
      "projectId": "w9z9xr91BzfJBdGd9K1NM4",
      "version": "latest",
      "dependencies": {},
      "lang": "ts",
      "fileLocks": [
        {
          "type": "globalVariant",
          "assetId": "6KPrwB1vc_",
          "checksum": "f1d0eb057f10a8739d4e1c9dc4d6650b"
        },
        {
          "type": "renderModule",
          "assetId": "ur16OaAaQB",
          "checksum": "3be35830c81bdcff063ec1f43bcf8f3a"
        },
        {
          "type": "cssRules",
          "assetId": "ur16OaAaQB",
          "checksum": "3be35830c81bdcff063ec1f43bcf8f3a"
        },
        {
          "type": "image",
          "assetId": "lxzuuNI-cf",
          "checksum": "e57280d866d36c468ff243a6db93faa5"
        },
        {
          "type": "renderModule",
          "assetId": "xidBG5GAId",
          "checksum": "2bdbb0242982f634d36f8bfe5b736049"
        },
        {
          "type": "cssRules",
          "assetId": "xidBG5GAId",
          "checksum": "2bdbb0242982f634d36f8bfe5b736049"
        },
        {
          "type": "renderModule",
          "assetId": "ObvQXRNt7V",
          "checksum": "ab78d9c5046e7b46e4f8856977011dbf"
        },
        {
          "type": "cssRules",
          "assetId": "ObvQXRNt7V",
          "checksum": "ab78d9c5046e7b46e4f8856977011dbf"
        },
        {
          "assetId": "w9z9xr91BzfJBdGd9K1NM4",
          "type": "projectCss",
          "checksum": "78b28c7819f09e1fefda33c33e44d8f9"
        }
      ]
    }
  ],
  "cliVersion": "0.1.161"
}
