{
  "projects": [
    {
      "projectId": "w9z9xr91BzfJBdGd9K1NM4",
      "version": "latest",
      "dependencies": {},
      "lang": "ts",
      "fileLocks": [
        {
          "type": "globalVariant",
          "assetId": "6KPrwB1vc_",
          "checksum": "f1d0eb057f10a8739d4e1c9dc4d6650b"
        },
        {
          "assetId": "w9z9xr91BzfJBdGd9K1NM4",
          "type": "projectCss",
          "checksum": "78b28c7819f09e1fefda33c33e44d8f9"
        },
        {
          "type": "renderModule",
          "assetId": "ur16OaAaQB",
          "checksum": "af042e7ad221b0db69cbbd426f9f38ba"
        },
        {
          "type": "cssRules",
          "assetId": "ur16OaAaQB",
          "checksum": "af042e7ad221b0db69cbbd426f9f38ba"
        },
        {
          "type": "image",
          "assetId": "lxzuuNI-cf",
          "checksum": "e57280d866d36c468ff243a6db93faa5"
        }
      ]
    }
  ],
  "cliVersion": "0.1.161"
}
